Microsoft Visual Studio Solution File, Format Version 12.00
# Visual Studio Version 17
VisualStudioVersion = 17.0.31717.71
MinimumVisualStudioVersion = 10.0.40219.1
Project("{9A19103F-16F7-4668-BE54-9A1E7A4F7556}") = "frontendApi", "frontendApi.csproj", "{FD895924-7AE5-4754-9016-0A89E709066E}"
EndProject
Global
	GlobalSection(SolutionConfigurationPlatforms) = preSolution
		Debug|Any CPU = Debug|Any CPU
		Release|Any CPU = Release|Any CPU
	EndGlobalSection
	GlobalSection(ProjectConfigurationPlatforms) = postSolution
		{FD895924-7AE5-4754-9016-0A89E709066E}.Debug|Any CPU.ActiveCfg = Debug|Any CPU
		{FD895924-7AE5-4754-9016-0A89E709066E}.Debug|Any CPU.Build.0 = Debug|Any CPU
		{FD895924-7AE5-4754-9016-0A89E709066E}.Release|Any CPU.ActiveCfg = Release|Any CPU
		{FD895924-7AE5-4754-9016-0A89E709066E}.Release|Any CPU.Build.0 = Release|Any CPU
	EndGlobalSection
	GlobalSection(SolutionProperties) = preSolution
		HideSolutionNode = FALSE
	EndGlobalSection
	GlobalSection(ExtensibilityGlobals) = postSolution
		SolutionGuid = {3A61A61D-C825-4C96-8D40-5B9C73F2A452}
	EndGlobalSection
EndGlobal
